
Microsoft Visual Studio Solution File, Format Version 12.00
# Visual Studio Version 17
VisualStudioVersion = 17.14.36121.58 d17.14
MinimumVisualStudioVersion = 10.0.40219.1
Project("{FAE04EC0-301F-11D3-BF4B-00C04F79EFBC}") = "MobileApplicationDev", "MobileApplicationDev.csproj", "{44955887-8072-E9DC-DE23-B3617152B363}"
EndProject
Global
	GlobalSection(SolutionConfigurationPlatforms) = preSolution
		Debug|Any CPU = Debug|Any CPU
		Release|Any CPU = Release|Any CPU
	EndGlobalSection
	GlobalSection(ProjectConfigurationPlatforms) = postSolution
		{44955887-8072-E9DC-DE23-B3617152B363}.Debug|Any CPU.ActiveCfg = Debug|Any CPU
		{44955887-8072-E9DC-DE23-B3617152B363}.Debug|Any CPU.Build.0 = Debug|Any CPU
		{44955887-8072-E9DC-DE23-B3617152B363}.Debug|Any CPU.Deploy.0 = Debug|Any CPU
		{44955887-8072-E9DC-DE23-B3617152B363}.Release|Any CPU.ActiveCfg = Release|Any CPU
		{44955887-8072-E9DC-DE23-B3617152B363}.Release|Any CPU.Build.0 = Release|Any CPU
	EndGlobalSection
	GlobalSection(SolutionProperties) = preSolution
		HideSolutionNode = FALSE
	EndGlobalSection
	GlobalSection(ExtensibilityGlobals) = postSolution
		SolutionGuid = {56F23579-71F6-4AB2-B48F-4FA64FEF7262}
	EndGlobalSection
EndGlobal
